
Microsoft Visual Studio Solution File, Format Version 12.00
Project("{2150E333-8FDC-42A3-9474-1A3956D46DE8}") = "src", "src", "{9AD8740A-2DED-420A-8862-6B6D1501DE54}"
EndProject
Project("{2150E333-8FDC-42A3-9474-1A3956D46DE8}") = "test", "test", "{4572670A-87A8-42A1-9D00-C4645CBD8F4E}"
EndProject
Project("{FAE04EC0-301F-11D3-BF4B-00C04F79EFBC}") = "Core.Dal", "src\Core.Dal\Core.Dal.csproj", "{F98D832B-C4EE-4620-B5BD-5A515CD3008A}"
EndProject
Project("{2150E333-8FDC-42A3-9474-1A3956D46DE8}") = "core", "core", "{B32A1B16-1070-48BD-BCA3-9C7E9651F6C3}"
EndProject
Project("{FAE04EC0-301F-11D3-BF4B-00C04F79EFBC}") = "Core.Dal.EF", "src\Core.Dal.EF\Core.Dal.EF.csproj", "{0CDB28B6-A6A7-42B3-8209-5A975F58989A}"
EndProject
Project("{2150E333-8FDC-42A3-9474-1A3956D46DE8}") = "app", "app", "{9F1CCDC6-63D5-4D36-A872-9CFE6B2C5E6D}"
EndProject
Project("{2150E333-8FDC-42A3-9474-1A3956D46DE8}") = "Solution Items", "Solution Items", "{6393EC90-7D30-42C0-BC4F-520A8B3BF38D}"
	ProjectSection(SolutionItems) = preProject
		docker-compose.yml = docker-compose.yml
	EndProjectSection
EndProject
Project("{FAE04EC0-301F-11D3-BF4B-00C04F79EFBC}") = "MultiTenant.HttpApi", "src\MultiTenant.HttpApi\MultiTenant.HttpApi.csproj", "{140E6E8A-E001-4837-8887-76E96D8481FA}"
EndProject
Project("{FAE04EC0-301F-11D3-BF4B-00C04F79EFBC}") = "MultiTenant.DbMigrator", "src\MultiTenant.DbMigrator\MultiTenant.DbMigrator.csproj", "{8607EEE8-33C3-43A6-8D48-B7B8F922EF34}"
EndProject
Project("{2150E333-8FDC-42A3-9474-1A3956D46DE8}") = "infra", "infra", "{4659F04F-AA43-45A2-9464-CE81E4D87580}"
EndProject
Project("{FAE04EC0-301F-11D3-BF4B-00C04F79EFBC}") = "Core.Models", "src\Core.Models\Core.Models.csproj", "{1B62D653-212F-4403-B168-CAB8B20C88FE}"
EndProject
Project("{FAE04EC0-301F-11D3-BF4B-00C04F79EFBC}") = "MultiTenant.ShardsRebalancer", "src\MultiTenant.ShardsRebalancer\MultiTenant.ShardsRebalancer.csproj", "{B7E20B33-C0C3-45F9-AE06-AEDA206411F7}"
EndProject
Project("{FAE04EC0-301F-11D3-BF4B-00C04F79EFBC}") = "MultiTenant.CoordinateSetup", "src\MultiTenant.CoordinateSetup\MultiTenant.CoordinateSetup.csproj", "{3E0E6E08-97D5-43C1-9FAC-9EEA69AE7B82}"
EndProject
Global
	GlobalSection(SolutionConfigurationPlatforms) = preSolution
		Debug|Any CPU = Debug|Any CPU
		Release|Any CPU = Release|Any CPU
	EndGlobalSection
	GlobalSection(ProjectConfigurationPlatforms) = postSolution
		{F98D832B-C4EE-4620-B5BD-5A515CD3008A}.Debug|Any CPU.ActiveCfg = Debug|Any CPU
		{F98D832B-C4EE-4620-B5BD-5A515CD3008A}.Debug|Any CPU.Build.0 = Debug|Any CPU
		{F98D832B-C4EE-4620-B5BD-5A515CD3008A}.Release|Any CPU.ActiveCfg = Release|Any CPU
		{F98D832B-C4EE-4620-B5BD-5A515CD3008A}.Release|Any CPU.Build.0 = Release|Any CPU
		{0CDB28B6-A6A7-42B3-8209-5A975F58989A}.Debug|Any CPU.ActiveCfg = Debug|Any CPU
		{0CDB28B6-A6A7-42B3-8209-5A975F58989A}.Debug|Any CPU.Build.0 = Debug|Any CPU
		{0CDB28B6-A6A7-42B3-8209-5A975F58989A}.Release|Any CPU.ActiveCfg = Release|Any CPU
		{0CDB28B6-A6A7-42B3-8209-5A975F58989A}.Release|Any CPU.Build.0 = Release|Any CPU
		{140E6E8A-E001-4837-8887-76E96D8481FA}.Debug|Any CPU.ActiveCfg = Debug|Any CPU
		{140E6E8A-E001-4837-8887-76E96D8481FA}.Debug|Any CPU.Build.0 = Debug|Any CPU
		{140E6E8A-E001-4837-8887-76E96D8481FA}.Release|Any CPU.ActiveCfg = Release|Any CPU
		{140E6E8A-E001-4837-8887-76E96D8481FA}.Release|Any CPU.Build.0 = Release|Any CPU
		{8607EEE8-33C3-43A6-8D48-B7B8F922EF34}.Debug|Any CPU.ActiveCfg = Debug|Any CPU
		{8607EEE8-33C3-43A6-8D48-B7B8F922EF34}.Debug|Any CPU.Build.0 = Debug|Any CPU
		{8607EEE8-33C3-43A6-8D48-B7B8F922EF34}.Release|Any CPU.ActiveCfg = Release|Any CPU
		{8607EEE8-33C3-43A6-8D48-B7B8F922EF34}.Release|Any CPU.Build.0 = Release|Any CPU
		{1B62D653-212F-4403-B168-CAB8B20C88FE}.Debug|Any CPU.ActiveCfg = Debug|Any CPU
		{1B62D653-212F-4403-B168-CAB8B20C88FE}.Debug|Any CPU.Build.0 = Debug|Any CPU
		{1B62D653-212F-4403-B168-CAB8B20C88FE}.Release|Any CPU.ActiveCfg = Release|Any CPU
		{1B62D653-212F-4403-B168-CAB8B20C88FE}.Release|Any CPU.Build.0 = Release|Any CPU
		{B7E20B33-C0C3-45F9-AE06-AEDA206411F7}.Debug|Any CPU.ActiveCfg = Debug|Any CPU
		{B7E20B33-C0C3-45F9-AE06-AEDA206411F7}.Debug|Any CPU.Build.0 = Debug|Any CPU
		{B7E20B33-C0C3-45F9-AE06-AEDA206411F7}.Release|Any CPU.ActiveCfg = Release|Any CPU
		{B7E20B33-C0C3-45F9-AE06-AEDA206411F7}.Release|Any CPU.Build.0 = Release|Any CPU
		{3E0E6E08-97D5-43C1-9FAC-9EEA69AE7B82}.Debug|Any CPU.ActiveCfg = Debug|Any CPU
		{3E0E6E08-97D5-43C1-9FAC-9EEA69AE7B82}.Debug|Any CPU.Build.0 = Debug|Any CPU
		{3E0E6E08-97D5-43C1-9FAC-9EEA69AE7B82}.Release|Any CPU.ActiveCfg = Release|Any CPU
		{3E0E6E08-97D5-43C1-9FAC-9EEA69AE7B82}.Release|Any CPU.Build.0 = Release|Any CPU
	EndGlobalSection
	GlobalSection(NestedProjects) = preSolution
		{B32A1B16-1070-48BD-BCA3-9C7E9651F6C3} = {9AD8740A-2DED-420A-8862-6B6D1501DE54}
		{F98D832B-C4EE-4620-B5BD-5A515CD3008A} = {B32A1B16-1070-48BD-BCA3-9C7E9651F6C3}
		{9F1CCDC6-63D5-4D36-A872-9CFE6B2C5E6D} = {9AD8740A-2DED-420A-8862-6B6D1501DE54}
		{140E6E8A-E001-4837-8887-76E96D8481FA} = {9F1CCDC6-63D5-4D36-A872-9CFE6B2C5E6D}
		{8607EEE8-33C3-43A6-8D48-B7B8F922EF34} = {9F1CCDC6-63D5-4D36-A872-9CFE6B2C5E6D}
		{4659F04F-AA43-45A2-9464-CE81E4D87580} = {9AD8740A-2DED-420A-8862-6B6D1501DE54}
		{0CDB28B6-A6A7-42B3-8209-5A975F58989A} = {4659F04F-AA43-45A2-9464-CE81E4D87580}
		{1B62D653-212F-4403-B168-CAB8B20C88FE} = {B32A1B16-1070-48BD-BCA3-9C7E9651F6C3}
		{B7E20B33-C0C3-45F9-AE06-AEDA206411F7} = {9F1CCDC6-63D5-4D36-A872-9CFE6B2C5E6D}
		{3E0E6E08-97D5-43C1-9FAC-9EEA69AE7B82} = {9F1CCDC6-63D5-4D36-A872-9CFE6B2C5E6D}
	EndGlobalSection
EndGlobal
